
Microsoft Visual Studio Solution File, Format Version 12.00
# Visual Studio Version 17
VisualStudioVersion = 17.6.33712.159
MinimumVisualStudioVersion = 10.0.40219.1
Project("{FAE04EC0-301F-11D3-BF4B-00C04F79EFBC}") = "cafeManagement", "cafeManagement\cafeManagement.csproj", "{0EEBE03E-E395-4CCA-A386-A5BBF15E1FFE}"
EndProject
Global
	GlobalSection(SolutionConfigurationPlatforms) = preSolution
		Debug|Any CPU = Debug|Any CPU
		Release|Any CPU = Release|Any CPU
	EndGlobalSection
	GlobalSection(ProjectConfigurationPlatforms) = postSolution
		{0EEBE03E-E395-4CCA-A386-A5BBF15E1FFE}.Debug|Any CPU.ActiveCfg = Debug|Any CPU
		{0EEBE03E-E395-4CCA-A386-A5BBF15E1FFE}.Debug|Any CPU.Build.0 = Debug|Any CPU
		{0EEBE03E-E395-4CCA-A386-A5BBF15E1FFE}.Release|Any CPU.ActiveCfg = Release|Any CPU
		{0EEBE03E-E395-4CCA-A386-A5BBF15E1FFE}.Release|Any CPU.Build.0 = Release|Any CPU
	EndGlobalSection
	GlobalSection(SolutionProperties) = preSolution
		HideSolutionNode = FALSE
	EndGlobalSection
	GlobalSection(ExtensibilityGlobals) = postSolution
		SolutionGuid = {51A0A1EF-DB56-400B-8036-F0951DFD5F01}
	EndGlobalSection
EndGlobal
